
Microsoft Visual Studio Solution File, Format Version 12.00
# Visual Studio 15
VisualStudioVersion = 15.0.28307.271
MinimumVisualStudioVersion = 10.0.40219.1
Project("{9A19103F-16F7-4668-BE54-9A1E7A4F7556}") = "Zoo.Domain", "Zoo.Domain\Zoo.Domain.csproj", "{1C2DF622-3317-47CF-B170-C6FE5245EAAF}"
EndProject
Project("{FAE04EC0-301F-11D3-BF4B-00C04F79EFBC}") = "Zoo.Logic", "Zoo.Logic\Zoo.Logic.csproj", "{51778FBD-C06F-4317-8E3A-383A24C001D5}"
EndProject
Project("{FAE04EC0-301F-11D3-BF4B-00C04F79EFBC}") = "Zoo.Logic.Tests", "Zoo.Logic.Tests\Zoo.Logic.Tests.csproj", "{067CEAEA-B6AE-4CF8-AC80-A4DDDDB65DB6}"
EndProject
Global
	GlobalSection(SolutionConfigurationPlatforms) = preSolution
		Debug|Any CPU = Debug|Any CPU
		Release|Any CPU = Release|Any CPU
	EndGlobalSection
	GlobalSection(ProjectConfigurationPlatforms) = postSolution
		{1C2DF622-3317-47CF-B170-C6FE5245EAAF}.Debug|Any CPU.ActiveCfg = Debug|Any CPU
		{1C2DF622-3317-47CF-B170-C6FE5245EAAF}.Debug|Any CPU.Build.0 = Debug|Any CPU
		{1C2DF622-3317-47CF-B170-C6FE5245EAAF}.Release|Any CPU.ActiveCfg = Release|Any CPU
		{1C2DF622-3317-47CF-B170-C6FE5245EAAF}.Release|Any CPU.Build.0 = Release|Any CPU
		{51778FBD-C06F-4317-8E3A-383A24C001D5}.Debug|Any CPU.ActiveCfg = Debug|Any CPU
		{51778FBD-C06F-4317-8E3A-383A24C001D5}.Debug|Any CPU.Build.0 = Debug|Any CPU
		{51778FBD-C06F-4317-8E3A-383A24C001D5}.Release|Any CPU.ActiveCfg = Release|Any CPU
		{51778FBD-C06F-4317-8E3A-383A24C001D5}.Release|Any CPU.Build.0 = Release|Any CPU
		{067CEAEA-B6AE-4CF8-AC80-A4DDDDB65DB6}.Debug|Any CPU.ActiveCfg = Debug|Any CPU
		{067CEAEA-B6AE-4CF8-AC80-A4DDDDB65DB6}.Debug|Any CPU.Build.0 = Debug|Any CPU
		{067CEAEA-B6AE-4CF8-AC80-A4DDDDB65DB6}.Release|Any CPU.ActiveCfg = Release|Any CPU
		{067CEAEA-B6AE-4CF8-AC80-A4DDDDB65DB6}.Release|Any CPU.Build.0 = Release|Any CPU
	EndGlobalSection
	GlobalSection(SolutionProperties) = preSolution
		HideSolutionNode = FALSE
	EndGlobalSection
	GlobalSection(ExtensibilityGlobals) = postSolution
		SolutionGuid = {C76ED9E4-2AC7-416F-974F-FD2C69593CFE}
	EndGlobalSection
EndGlobal
